
Microsoft Visual Studio Solution File, Format Version 12.00
# Visual Studio Version 17
VisualStudioVersion = 17.14.36017.23 d17.14
MinimumVisualStudioVersion = 10.0.40219.1
Project("{FAE04EC0-301F-11D3-BF4B-00C04F79EFBC}") = "CSharpStudyTest", "CsharpStudyTest\CSharpStudyTest.csproj", "{9F1EFD4C-B02F-45FB-836A-6D1FC6B40999}"
EndProject
Project("{FAE04EC0-301F-11D3-BF4B-00C04F79EFBC}") = "TodoTestApi", "TodoTestApi\TodoTestApi\TodoTestApi.csproj", "{7BA4B67F-15CE-ACF1-4A1A-CB9F0E75682D}"
EndProject
Project("{FAE04EC0-301F-11D3-BF4B-00C04F79EFBC}") = "SignalRChatTest", "SignalRChatTest\SignalRChatTest\SignalRChatTest.csproj", "{ECF763B9-BE85-4C51-540A-E6E3D74E3FAC}"
EndProject
Project("{FAE04EC0-301F-11D3-BF4B-00C04F79EFBC}") = "RazorPagesTestMovie", "RazorPagesTestMovie\RazorPagesTestMovie\RazorPagesTestMovie.csproj", "{68AE318C-A3E3-4674-777D-45D9C9CC1960}"
EndProject
Project("{FAE04EC0-301F-11D3-BF4B-00C04F79EFBC}") = "MvcTestMovie", "MvcTestMovie\MvcTestMovie\MvcTestMovie.csproj", "{43031477-69E7-0FDD-7AF7-75696730937B}"
EndProject
Global
	GlobalSection(SolutionConfigurationPlatforms) = preSolution
		Debug|Any CPU = Debug|Any CPU
		Release|Any CPU = Release|Any CPU
	EndGlobalSection
	GlobalSection(ProjectConfigurationPlatforms) = postSolution
		{9F1EFD4C-B02F-45FB-836A-6D1FC6B40999}.Debug|Any CPU.ActiveCfg = Debug|Any CPU
		{9F1EFD4C-B02F-45FB-836A-6D1FC6B40999}.Debug|Any CPU.Build.0 = Debug|Any CPU
		{9F1EFD4C-B02F-45FB-836A-6D1FC6B40999}.Release|Any CPU.ActiveCfg = Release|Any CPU
		{9F1EFD4C-B02F-45FB-836A-6D1FC6B40999}.Release|Any CPU.Build.0 = Release|Any CPU
		{7BA4B67F-15CE-ACF1-4A1A-CB9F0E75682D}.Debug|Any CPU.ActiveCfg = Debug|Any CPU
		{7BA4B67F-15CE-ACF1-4A1A-CB9F0E75682D}.Debug|Any CPU.Build.0 = Debug|Any CPU
		{7BA4B67F-15CE-ACF1-4A1A-CB9F0E75682D}.Release|Any CPU.ActiveCfg = Release|Any CPU
		{7BA4B67F-15CE-ACF1-4A1A-CB9F0E75682D}.Release|Any CPU.Build.0 = Release|Any CPU
		{ECF763B9-BE85-4C51-540A-E6E3D74E3FAC}.Debug|Any CPU.ActiveCfg = Debug|Any CPU
		{ECF763B9-BE85-4C51-540A-E6E3D74E3FAC}.Debug|Any CPU.Build.0 = Debug|Any CPU
		{ECF763B9-BE85-4C51-540A-E6E3D74E3FAC}.Release|Any CPU.ActiveCfg = Release|Any CPU
		{ECF763B9-BE85-4C51-540A-E6E3D74E3FAC}.Release|Any CPU.Build.0 = Release|Any CPU
		{68AE318C-A3E3-4674-777D-45D9C9CC1960}.Debug|Any CPU.ActiveCfg = Debug|Any CPU
		{68AE318C-A3E3-4674-777D-45D9C9CC1960}.Debug|Any CPU.Build.0 = Debug|Any CPU
		{68AE318C-A3E3-4674-777D-45D9C9CC1960}.Release|Any CPU.ActiveCfg = Release|Any CPU
		{68AE318C-A3E3-4674-777D-45D9C9CC1960}.Release|Any CPU.Build.0 = Release|Any CPU
		{43031477-69E7-0FDD-7AF7-75696730937B}.Debug|Any CPU.ActiveCfg = Debug|Any CPU
		{43031477-69E7-0FDD-7AF7-75696730937B}.Debug|Any CPU.Build.0 = Debug|Any CPU
		{43031477-69E7-0FDD-7AF7-75696730937B}.Release|Any CPU.ActiveCfg = Release|Any CPU
		{43031477-69E7-0FDD-7AF7-75696730937B}.Release|Any CPU.Build.0 = Release|Any CPU
	EndGlobalSection
	GlobalSection(SolutionProperties) = preSolution
		HideSolutionNode = FALSE
	EndGlobalSection
	GlobalSection(ExtensibilityGlobals) = postSolution
		SolutionGuid = {AC753D7E-270C-498D-87DE-68970CB46D99}
	EndGlobalSection
EndGlobal
